
Microsoft Visual Studio Solution File, Format Version 12.00
# Visual Studio Version 16
VisualStudioVersion = 16.0.31624.102
MinimumVisualStudioVersion = 10.0.40219.1
Project("{FAE04EC0-301F-11D3-BF4B-00C04F79EFBC}") = "OsumeProject", "OsumeProject\OsumeProject.csproj", "{0F57653E-F17C-4AB9-B72D-8D3F40D3143F}"
EndProject
Global
	GlobalSection(SolutionConfigurationPlatforms) = preSolution
		Debug|Any CPU = Debug|Any CPU
		Release|Any CPU = Release|Any CPU
	EndGlobalSection
	GlobalSection(ProjectConfigurationPlatforms) = postSolution
		{0F57653E-F17C-4AB9-B72D-8D3F40D3143F}.Debug|Any CPU.ActiveCfg = Debug|Any CPU
		{0F57653E-F17C-4AB9-B72D-8D3F40D3143F}.Debug|Any CPU.Build.0 = Debug|Any CPU
		{0F57653E-F17C-4AB9-B72D-8D3F40D3143F}.Release|Any CPU.ActiveCfg = Release|Any CPU
		{0F57653E-F17C-4AB9-B72D-8D3F40D3143F}.Release|Any CPU.Build.0 = Release|Any CPU
	EndGlobalSection
	GlobalSection(SolutionProperties) = preSolution
		HideSolutionNode = FALSE
	EndGlobalSection
	GlobalSection(ExtensibilityGlobals) = postSolution
		SolutionGuid = {1A54C6EB-2A14-43FC-88CF-ED9D1441C226}
	EndGlobalSection
EndGlobal
